// !$*UTF8*$!
{
	archiveVersion = 1;
	classes = {
	};
	objectVersion = 46;
	objects = {

/* Begin PBXBuildFile section */
		D321EBB31DC9E49400E50A4F /* AppDelegate.swift in Sources */ = {isa = PBXBuildFile; fileRef = D321EBB21DC9E49400E50A4F /* AppDelegate.swift */; };
		D321EBB91DC9E49400E50A4F /* GameScene.swift in Sources */ = {isa = PBXBuildFile; fileRef = D321EBB81DC9E49400E50A4F /* GameScene.swift */; };
		D321EBBB1DC9E49400E50A4F /* GameViewController.swift in Sources */ = {isa = PBXBuildFile; fileRef = D321EBBA1DC9E49400E50A4F /* GameViewController.swift */; };
		D321EBBE1DC9E49400E50A4F /* Main.storyboard in Resources */ = {isa = PBXBuildFile; fileRef = D321EBBC1DC9E49400E50A4F /* Main.storyboard */; };
		D321EBC01DC9E49400E50A4F /* Assets.xcassets in Resources */ = {isa = PBXBuildFile; fileRef = D321EBBF1DC9E49400E50A4F /* Assets.xcassets */; };
		D321EBC31DC9E49400E50A4F /* LaunchScreen.storyboard in Resources */ = {isa = PBXBuildFile; fileRef = D321EBC11DC9E49400E50A4F /* LaunchScreen.storyboard */; };
		D321EBDA1DCA17D500E50A4F /* Tile.swift in Sources */ = {isa = PBXBuildFile; fileRef = D321EBD91DCA17D500E50A4F /* Tile.swift */; };
		D321EBE01DCA1EF900E50A4F /* Array2D.swift in Sources */ = {isa = PBXBuildFile; fileRef = D321EBDF1DCA1EF900E50A4F /* Array2D.swift */; };
		D321EBE21DCA1F9600E50A4F /* Level.swift in Sources */ = {isa = PBXBuildFile; fileRef = D321EBE11DCA1F9600E50A4F /* Level.swift */; };
		D321EBEB1DCA2D3F00E50A4F /* Level_0.json in Resources */ = {isa = PBXBuildFile; fileRef = D321EBE61DCA2D3F00E50A4F /* Level_0.json */; };
		D321EBEC1DCA2D3F00E50A4F /* Level_1.json in Resources */ = {isa = PBXBuildFile; fileRef = D321EBE71DCA2D3F00E50A4F /* Level_1.json */; };
		D321EBED1DCA2D3F00E50A4F /* Level_2.json in Resources */ = {isa = PBXBuildFile; fileRef = D321EBE81DCA2D3F00E50A4F /* Level_2.json */; };
		D321EBEE1DCA2D3F00E50A4F /* Level_3.json in Resources */ = {isa = PBXBuildFile; fileRef = D321EBE91DCA2D3F00E50A4F /* Level_3.json */; };
		D321EBEF1DCA2D3F00E50A4F /* Level_4.json in Resources */ = {isa = PBXBuildFile; fileRef = D321EBEA1DCA2D3F00E50A4F /* Level_4.json */; };
		D321EBF11DCA2D6900E50A4F /* Exntensions.swift in Sources */ = {isa = PBXBuildFile; fileRef = D321EBF01DCA2D6900E50A4F /* Exntensions.swift */; };
		D321EBF31DCA2EFE00E50A4F /* Obstacle.swift in Sources */ = {isa = PBXBuildFile; fileRef = D321EBF21DCA2EFE00E50A4F /* Obstacle.swift */; };
		D36CDA6B1E360A1900DCD92B /* ShopCollectionViewController.swift in Sources */ = {isa = PBXBuildFile; fileRef = D36CDA6A1E360A1900DCD92B /* ShopCollectionViewController.swift */; };
		D3D1DBA41DD74AA7003AB527 /* Basket.swift in Sources */ = {isa = PBXBuildFile; fileRef = D3D1DBA31DD74AA7003AB527 /* Basket.swift */; };
		D3E487811E388B28002C14C8 /* Theme.swift in Sources */ = {isa = PBXBuildFile; fileRef = D3E487801E388B28002C14C8 /* Theme.swift */; };
		D3E487831E38AB5B002C14C8 /* ShopCollectionViewCell.swift in Sources */ = {isa = PBXBuildFile; fileRef = D3E487821E38AB5B002C14C8 /* ShopCollectionViewCell.swift */; };
/* End PBXBuildFile section */

/* Begin PBXFileReference section */
		D321EBAF1DC9E49400E50A4F /* Ping.app */ = {isa = PBXFileReference; explicitFileType = wrapper.application; includeInIndex = 0; path = Ping.app; sourceTree = BUILT_PRODUCTS_DIR; };
		D321EBB21DC9E49400E50A4F /* AppDelegate.swift */ = {isa = PBXFileReference; lastKnownFileType = sourcecode.swift; path = AppDelegate.swift; sourceTree = "<group>"; };
		D321EBB81DC9E49400E50A4F /* GameScene.swift */ = {isa = PBXFileReference; lastKnownFileType = sourcecode.swift; path = GameScene.swift; sourceTree = "<group>"; };
		D321EBBA1DC9E49400E50A4F /* GameViewController.swift */ = {isa = PBXFileReference; lastKnownFileType = sourcecode.swift; path = GameViewController.swift; sourceTree = "<group>"; };
		D321EBBD1DC9E49400E50A4F /* Base */ = {isa = PBXFileReference; lastKnownFileType = file.storyboard; name = Base; path = Base.lproj/Main.storyboard; sourceTree = "<group>"; };
		D321EBBF1DC9E49400E50A4F /* Assets.xcassets */ = {isa = PBXFileReference; lastKnownFileType = folder.assetcatalog; path = Assets.xcassets; sourceTree = "<group>"; };
		D321EBC21DC9E49400E50A4F /* Base */ = {isa = PBXFileReference; lastKnownFileType = file.storyboard; name = Base; path = Base.lproj/LaunchScreen.storyboard; sourceTree = "<group>"; };
		D321EBC41DC9E49400E50A4F /* Info.plist */ = {isa = PBXFileReference; lastKnownFileType = text.plist.xml; path = Info.plist; sourceTree = "<group>"; };
		D321EBD91DCA17D500E50A4F /* Tile.swift */ = {isa = PBXFileReference; fileEncoding = 4; lastKnownFileType = sourcecode.swift; path = Tile.swift; sourceTree = "<group>"; };
		D321EBDF1DCA1EF900E50A4F /* Array2D.swift */ = {isa = PBXFileReference; fileEncoding = 4; lastKnownFileType = sourcecode.swift; path = Array2D.swift; sourceTree = "<group>"; };
		D321EBE11DCA1F9600E50A4F /* Level.swift */ = {isa = PBXFileReference; fileEncoding = 4; lastKnownFileType = sourcecode.swift; path = Level.swift; sourceTree = "<group>"; };
		D321EBE61DCA2D3F00E50A4F /* Level_0.json */ = {isa = PBXFileReference; fileEncoding = 4; lastKnownFileType = text.json; path = Level_0.json; sourceTree = "<group>"; };
		D321EBE71DCA2D3F00E50A4F /* Level_1.json */ = {isa = PBXFileReference; fileEncoding = 4; lastKnownFileType = text.json; path = Level_1.json; sourceTree = "<group>"; };
		D321EBE81DCA2D3F00E50A4F /* Level_2.json */ = {isa = PBXFileReference; fileEncoding = 4; lastKnownFileType = text.json; path = Level_2.json; sourceTree = "<group>"; };
		D321EBE91DCA2D3F00E50A4F /* Level_3.json */ = {isa = PBXFileReference; fileEncoding = 4; lastKnownFileType = text.json; path = Level_3.json; sourceTree = "<group>"; };
		D321EBEA1DCA2D3F00E50A4F /* Level_4.json */ = {isa = PBXFileReference; fileEncoding = 4; lastKnownFileType = text.json; path = Level_4.json; sourceTree = "<group>"; };
		D321EBF01DCA2D6900E50A4F /* Exntensions.swift */ = {isa = PBXFileReference; fileEncoding = 4; lastKnownFileType = sourcecode.swift; name = Exntensions.swift; path = ../Exntensions.swift; sourceTree = "<group>"; };
		D321EBF21DCA2EFE00E50A4F /* Obstacle.swift */ = {isa = PBXFileReference; fileEncoding = 4; lastKnownFileType = sourcecode.swift; path = Obstacle.swift; sourceTree = "<group>"; };
		D36CDA6A1E360A1900DCD92B /* ShopCollectionViewController.swift */ = {isa = PBXFileReference; fileEncoding = 4; lastKnownFileType = sourcecode.swift; path = ShopCollectionViewController.swift; sourceTree = SOURCE_ROOT; };
		D3D1DBA31DD74AA7003AB527 /* Basket.swift */ = {isa = PBXFileReference; fileEncoding = 4; lastKnownFileType = sourcecode.swift; path = Basket.swift; sourceTree = "<group>"; };
		D3E487801E388B28002C14C8 /* Theme.swift */ = {isa = PBXFileReference; fileEncoding = 4; lastKnownFileType = sourcecode.swift; path = Theme.swift; sourceTree = "<group>"; };
		D3E487821E38AB5B002C14C8 /* ShopCollectionViewCell.swift */ = {isa = PBXFileReference; fileEncoding = 4; lastKnownFileType = sourcecode.swift; path = ShopCollectionViewCell.swift; sourceTree = "<group>"; };
/* End PBXFileReference section */

/* Begin PBXFrameworksBuildPhase section */
		D321EBAC1DC9E49400E50A4F /* Frameworks */ = {
			isa = PBXFrameworksBuildPhase;
			buildActionMask = 2147483647;
			files = (
			);
			runOnlyForDeploymentPostprocessing = 0;
		};
/* End PBXFrameworksBuildPhase section */

/* Begin PBXGroup section */
		D321EBA61DC9E49400E50A4F = {
			isa = PBXGroup;
			children = (
				D321EBB11DC9E49400E50A4F /* Ping */,
				D321EBB01DC9E49400E50A4F /* Products */,
			);
			sourceTree = "<group>";
		};
		D321EBB01DC9E49400E50A4F /* Products */ = {
			isa = PBXGroup;
			children = (
				D321EBAF1DC9E49400E50A4F /* Ping.app */,
			);
			name = Products;
			sourceTree = "<group>";
		};
		D321EBB11DC9E49400E50A4F /* Ping */ = {
			isa = PBXGroup;
			children = (
				D3E4878A1E3DECD0002C14C8 /* Theme */,
				D3E487891E3DECC5002C14C8 /* Scene */,
				D3E487881E3DEC8E002C14C8 /* Resouces */,
				D3E487871E3DEC2B002C14C8 /* Misc */,
				D3E487851E3DE9C5002C14C8 /* Model */,
				D3E487841E3DE97F002C14C8 /* Controllers */,
			);
			path = Ping;
			sourceTree = "<group>";
		};
		D321EBE51DCA2D2300E50A4F /* Levels */ = {
			isa = PBXGroup;
			children = (
				D321EBE61DCA2D3F00E50A4F /* Level_0.json */,
				D321EBE71DCA2D3F00E50A4F /* Level_1.json */,
				D321EBE81DCA2D3F00E50A4F /* Level_2.json */,
				D321EBE91DCA2D3F00E50A4F /* Level_3.json */,
				D321EBEA1DCA2D3F00E50A4F /* Level_4.json */,
			);
			name = Levels;
			path = ..;
			sourceTree = "<group>";
		};
		D3E487841E3DE97F002C14C8 /* Controllers */ = {
			isa = PBXGroup;
			children = (
				D3E487821E38AB5B002C14C8 /* ShopCollectionViewCell.swift */,
				D321EBBA1DC9E49400E50A4F /* GameViewController.swift */,
				D36CDA6A1E360A1900DCD92B /* ShopCollectionViewController.swift */,
			);
			name = Controllers;
			sourceTree = "<group>";
		};
		D3E487851E3DE9C5002C14C8 /* Model */ = {
			isa = PBXGroup;
			children = (
				D321EBDF1DCA1EF900E50A4F /* Array2D.swift */,
				D3D1DBA31DD74AA7003AB527 /* Basket.swift */,
				D321EBF21DCA2EFE00E50A4F /* Obstacle.swift */,
				D321EBE11DCA1F9600E50A4F /* Level.swift */,
				D321EBD91DCA17D500E50A4F /* Tile.swift */,
			);
			name = Model;
			sourceTree = "<group>";
		};
		D3E487871E3DEC2B002C14C8 /* Misc */ = {
			isa = PBXGroup;
			children = (
				D321EBB21DC9E49400E50A4F /* AppDelegate.swift */,
				D321EBBC1DC9E49400E50A4F /* Main.storyboard */,
				D321EBF01DCA2D6900E50A4F /* Exntensions.swift */,
				D321EBC41DC9E49400E50A4F /* Info.plist */,
				D321EBC11DC9E49400E50A4F /* LaunchScreen.storyboard */,
			);
			name = Misc;
			sourceTree = "<group>";
		};
		D3E487881E3DEC8E002C14C8 /* Resouces */ = {
			isa = PBXGroup;
			children = (
				D321EBBF1DC9E49400E50A4F /* Assets.xcassets */,
				D321EBE51DCA2D2300E50A4F /* Levels */,
			);
			name = Resouces;
			sourceTree = "<group>";
		};
		D3E487891E3DECC5002C14C8 /* Scene */ = {
			isa = PBXGroup;
			children = (
				D321EBB81DC9E49400E50A4F /* GameScene.swift */,
			);
			name = Scene;
			sourceTree = "<group>";
		};
		D3E4878A1E3DECD0002C14C8 /* Theme */ = {
			isa = PBXGroup;
			children = (
				D3E487801E388B28002C14C8 /* Theme.swift */,
			);
			name = Theme;
			sourceTree = "<group>";
		};
/* End PBXGroup section */

/* Begin PBXNativeTarget section */
		D321EBAE1DC9E49400E50A4F /* Ping */ = {
			isa = PBXNativeTarget;
			buildConfigurationList = D321EBC71DC9E49500E50A4F /* Build configuration list for PBXNativeTarget "Ping" */;
			buildPhases = (
				D321EBAB1DC9E49400E50A4F /* Sources */,
				D321EBAC1DC9E49400E50A4F /* Frameworks */,
				D321EBAD1DC9E49400E50A4F /* Resources */,
			);
			buildRules = (
			);
			dependencies = (
			);
			name = Ping;
			productName = Ping;
			productReference = D321EBAF1DC9E49400E50A4F /* Ping.app */;
			productType = "com.apple.product-type.application";
		};
/* End PBXNativeTarget section */

/* Begin PBXProject section */
		D321EBA71DC9E49400E50A4F /* Project object */ = {
			isa = PBXProject;
			attributes = {
				LastSwiftUpdateCheck = 0800;
				LastUpgradeCheck = 0800;
				ORGANIZATIONNAME = gala;
				TargetAttributes = {
					D321EBAE1DC9E49400E50A4F = {
						CreatedOnToolsVersion = 8.0;
						DevelopmentTeam = 83H63AD9J8;
						ProvisioningStyle = Automatic;
					};
				};
			};
			buildConfigurationList = D321EBAA1DC9E49400E50A4F /* Build configuration list for PBXProject "Ping" */;
			compatibilityVersion = "Xcode 3.2";
			developmentRegion = English;
			hasScannedForEncodings = 0;
			knownRegions = (
				en,
				Base,
			);
			mainGroup = D321EBA61DC9E49400E50A4F;
			productRefGroup = D321EBB01DC9E49400E50A4F /* Products */;
			projectDirPath = "";
			projectRoot = "";
			targets = (
				D321EBAE1DC9E49400E50A4F /* Ping */,
			);
		};
/* End PBXProject section */

/* Begin PBXResourcesBuildPhase section */
		D321EBAD1DC9E49400E50A4F /* Resources */ = {
			isa = PBXResourcesBuildPhase;
			buildActionMask = 2147483647;
			files = (
				D321EBEC1DCA2D3F00E50A4F /* Level_1.json in Resources */,
				D321EBEF1DCA2D3F00E50A4F /* Level_4.json in Resources */,
				D321EBEE1DCA2D3F00E50A4F /* Level_3.json in Resources */,
				D321EBBE1DC9E49400E50A4F /* Main.storyboard in Resources */,
				D321EBEB1DCA2D3F00E50A4F /* Level_0.json in Resources */,
				D321EBC01DC9E49400E50A4F /* Assets.xcassets in Resources */,
				D321EBED1DCA2D3F00E50A4F /* Level_2.json in Resources */,
				D321EBC31DC9E49400E50A4F /* LaunchScreen.storyboard in Resources */,
			);
			runOnlyForDeploymentPostprocessing = 0;
		};
/* End PBXResourcesBuildPhase section */

/* Begin PBXSourcesBuildPhase section */
		D321EBAB1DC9E49400E50A4F /* Sources */ = {
			isa = PBXSourcesBuildPhase;
			buildActionMask = 2147483647;
			files = (
				D3E487831E38AB5B002C14C8 /* ShopCollectionViewCell.swift in Sources */,
				D321EBE21DCA1F9600E50A4F /* Level.swift in Sources */,
				D321EBF11DCA2D6900E50A4F /* Exntensions.swift in Sources */,
				D36CDA6B1E360A1900DCD92B /* ShopCollectionViewController.swift in Sources */,
				D321EBB91DC9E49400E50A4F /* GameScene.swift in Sources */,
				D3E487811E388B28002C14C8 /* Theme.swift in Sources */,
				D321EBBB1DC9E49400E50A4F /* GameViewController.swift in Sources */,
				D321EBB31DC9E49400E50A4F /* AppDelegate.swift in Sources */,
				D321EBDA1DCA17D500E50A4F /* Tile.swift in Sources */,
				D3D1DBA41DD74AA7003AB527 /* Basket.swift in Sources */,
				D321EBE01DCA1EF900E50A4F /* Array2D.swift in Sources */,
				D321EBF31DCA2EFE00E50A4F /* Obstacle.swift in Sources */,
			);
			runOnlyForDeploymentPostprocessing = 0;
		};
/* End PBXSourcesBuildPhase section */

/* Begin PBXVariantGroup section */
		D321EBBC1DC9E49400E50A4F /* Main.storyboard */ = {
			isa = PBXVariantGroup;
			children = (
				D321EBBD1DC9E49400E50A4F /* Base */,
			);
			name = Main.storyboard;
			sourceTree = "<group>";
		};
		D321EBC11DC9E49400E50A4F /* LaunchScreen.storyboard */ = {
			isa = PBXVariantGroup;
			children = (
				D321EBC21DC9E49400E50A4F /* Base */,
			);
			name = LaunchScreen.storyboard;
			sourceTree = "<group>";
		};
/* End PBXVariantGroup section */

/* Begin XCBuildConfiguration section */
		D321EBC51DC9E49500E50A4F /* Debug */ = {
			isa = XCBuildConfiguration;
			buildSettings = {
				ALWAYS_SEARCH_USER_PATHS = NO;
				CLANG_ANALYZER_NONNULL = YES;
				CLANG_CXX_LANGUAGE_STANDARD = "gnu++0x";
				CLANG_CXX_LIBRARY = "libc++";
				CLANG_ENABLE_MODULES = YES;
				CLANG_ENABLE_OBJC_ARC = YES;
				CLANG_WARN_BOOL_CONVERSION = YES;
				CLANG_WARN_CONSTANT_CONVERSION = YES;
				CLANG_WARN_DIRECT_OBJC_ISA_USAGE = YES_ERROR;
				CLANG_WARN_DOCUMENTATION_COMMENTS = YES;
				CLANG_WARN_EMPTY_BODY = YES;
				CLANG_WARN_ENUM_CONVERSION = YES;
				CLANG_WARN_INFINITE_RECURSION = YES;
				CLANG_WARN_INT_CONVERSION = YES;
				CLANG_WARN_OBJC_ROOT_CLASS = YES_ERROR;
				CLANG_WARN_SUSPICIOUS_MOVES = YES;
				CLANG_WARN_UNREACHABLE_CODE = YES;
				CLANG_WARN__DUPLICATE_METHOD_MATCH = YES;
				"CODE_SIGN_IDENTITY[sdk=iphoneos*]" = "iPhone Developer";
				COPY_PHASE_STRIP = NO;
				DEBUG_INFORMATION_FORMAT = dwarf;
				ENABLE_STRICT_OBJC_MSGSEND = YES;
				ENABLE_TESTABILITY = YES;
				GCC_C_LANGUAGE_STANDARD = gnu99;
				GCC_DYNAMIC_NO_PIC = NO;
				GCC_NO_COMMON_BLOCKS = YES;
				GCC_OPTIMIZATION_LEVEL = 0;
				GCC_PREPROCESSOR_DEFINITIONS = (
					"DEBUG=1",
					"$(inherited)",
				);
				GCC_WARN_64_TO_32_BIT_CONVERSION = YES;
				GCC_WARN_ABOUT_RETURN_TYPE = YES_ERROR;
				GCC_WARN_UNDECLARED_SELECTOR = YES;
				GCC_WARN_UNINITIALIZED_AUTOS = YES_AGGRESSIVE;
				GCC_WARN_UNUSED_FUNCTION = YES;
				GCC_WARN_UNUSED_VARIABLE = YES;
				IPHONEOS_DEPLOYMENT_TARGET = 10.0;
				MTL_ENABLE_DEBUG_INFO = YES;
				ONLY_ACTIVE_ARCH = YES;
				SDKROOT = iphoneos;
				SWIFT_ACTIVE_COMPILATION_CONDITIONS = DEBUG;
				SWIFT_OPTIMIZATION_LEVEL = "-Onone";
			};
			name = Debug;
		};
		D321EBC61DC9E49500E50A4F /* Release */ = {
			isa = XCBuildConfiguration;
			buildSettings = {
				ALWAYS_SEARCH_USER_PATHS = NO;
				CLANG_ANALYZER_NONNULL = YES;
				CLANG_CXX_LANGUAGE_STANDARD = "gnu++0x";
				CLANG_CXX_LIBRARY = "libc++";
				CLANG_ENABLE_MODULES = YES;
				CLANG_ENABLE_OBJC_ARC = YES;
				CLANG_WARN_BOOL_CONVERSION = YES;
				CLANG_WARN_CONSTANT_CONVERSION = YES;
				CLANG_WARN_DIRECT_OBJC_ISA_USAGE = YES_ERROR;
				CLANG_WARN_DOCUMENTATION_COMMENTS = YES;
				CLANG_WARN_EMPTY_BODY = YES;
				CLANG_WARN_ENUM_CONVERSION = YES;
				CLANG_WARN_INFINITE_RECURSION = YES;
				CLANG_WARN_INT_CONVERSION = YES;
				CLANG_WARN_OBJC_ROOT_CLASS = YES_ERROR;
				CLANG_WARN_SUSPICIOUS_MOVES = YES;
				CLANG_WARN_UNREACHABLE_CODE = YES;
				CLANG_WARN__DUPLICATE_METHOD_MATCH = YES;
				"CODE_SIGN_IDENTITY[sdk=iphoneos*]" = "iPhone Developer";
				COPY_PHASE_STRIP = NO;
				DEBUG_INFORMATION_FORMAT = "dwarf-with-dsym";
				ENABLE_NS_ASSERTIONS = NO;
				ENABLE_STRICT_OBJC_MSGSEND = YES;
				GCC_C_LANGUAGE_STANDARD = gnu99;
				GCC_NO_COMMON_BLOCKS = YES;
				GCC_WARN_64_TO_32_BIT_CONVERSION = YES;
				GCC_WARN_ABOUT_RETURN_TYPE = YES_ERROR;
				GCC_WARN_UNDECLARED_SELECTOR = YES;
				GCC_WARN_UNINITIALIZED_AUTOS = YES_AGGRESSIVE;
				GCC_WARN_UNUSED_FUNCTION = YES;
				GCC_WARN_UNUSED_VARIABLE = YES;
				IPHONEOS_DEPLOYMENT_TARGET = 10.0;
				MTL_ENABLE_DEBUG_INFO = NO;
				SDKROOT = iphoneos;
				SWIFT_OPTIMIZATION_LEVEL = "-Owholemodule";
				VALIDATE_PRODUCT = YES;
			};
			name = Release;
		};
		D321EBC81DC9E49500E50A4F /* Debug */ = {
			isa = XCBuildConfiguration;
			buildSettings = {
				ASSETCATALOG_COMPILER_APPICON_NAME = AppIcon;
				DEVELOPMENT_TEAM = 83H63AD9J8;
				INFOPLIST_FILE = Ping/Info.plist;
				IPHONEOS_DEPLOYMENT_TARGET = 10.2;
				LD_RUNPATH_SEARCH_PATHS = "$(inherited) @executable_path/Frameworks";
				PRODUCT_BUNDLE_IDENTIFIER = com.galkina.Ping;
				PRODUCT_NAME = "$(TARGET_NAME)";
				SWIFT_VERSION = 3.0;
				TARGETED_DEVICE_FAMILY = "1,2";
			};
			name = Debug;
		};
		D321EBC91DC9E49500E50A4F /* Release */ = {
			isa = XCBuildConfiguration;
			buildSettings = {
				ASSETCATALOG_COMPILER_APPICON_NAME = AppIcon;
				DEVELOPMENT_TEAM = 83H63AD9J8;
				INFOPLIST_FILE = Ping/Info.plist;
				IPHONEOS_DEPLOYMENT_TARGET = 10.2;
				LD_RUNPATH_SEARCH_PATHS = "$(inherited) @executable_path/Frameworks";
				PRODUCT_BUNDLE_IDENTIFIER = com.galkina.Ping;
				PRODUCT_NAME = "$(TARGET_NAME)";
				SWIFT_VERSION = 3.0;
				TARGETED_DEVICE_FAMILY = "1,2";
			};
			name = Release;
		};
/* End XCBuildConfiguration section */

/* Begin XCConfigurationList section */
		D321EBAA1DC9E49400E50A4F /* Build configuration list for PBXProject "Ping" */ = {
			isa = XCConfigurationList;
			buildConfigurations = (
				D321EBC51DC9E49500E50A4F /* Debug */,
				D321EBC61DC9E49500E50A4F /* Release */,
			);
			defaultConfigurationIsVisible = 0;
			defaultConfigurationName = Release;
		};
		D321EBC71DC9E49500E50A4F /* Build configuration list for PBXNativeTarget "Ping" */ = {
			isa = XCConfigurationList;
			buildConfigurations = (
				D321EBC81DC9E49500E50A4F /* Debug */,
				D321EBC91DC9E49500E50A4F /* Release */,
			);
			defaultConfigurationIsVisible = 0;
			defaultConfigurationName = Release;
		};
/* End XCConfigurationList section */
	};
	rootObject = D321EBA71DC9E49400E50A4F /* Project object */;
}
