// !$*UTF8*$!
{
	archiveVersion = 1;
	classes = {
	};
	objectVersion = 46;
	objects = {

/* Begin PBXBuildFile section */
		D321EBB31DC9E49400E50A4F /* AppDelegate.swift in Sources */ = {isa = PBXBuildFile; fileRef = D321EBB21DC9E49400E50A4F /* AppDelegate.swift */; };
		D321EBB91DC9E49400E50A4F /* GameScene.swift in Sources */ = {isa = PBXBuildFile; fileRef = D321EBB81DC9E49400E50A4F /* GameScene.swift */; };
		D321EBBB1DC9E49400E50A4F /* GameViewController.swift in Sources */ = {isa = PBXBuildFile; fileRef = D321EBBA1DC9E49400E50A4F /* GameViewController.swift */; };
		D321EBBE1DC9E49400E50A4F /* Main.storyboard in Resources */ = {isa = PBXBuildFile; fileRef = D321EBBC1DC9E49400E50A4F /* Main.storyboard */; };
		D321EBC01DC9E49400E50A4F /* Assets.xcassets in Resources */ = {isa = PBXBuildFile; fileRef = D321EBBF1DC9E49400E50A4F /* Assets.xcassets */; };
		D321EBC31DC9E49400E50A4F /* LaunchScreen.storyboard in Resources */ = {isa = PBXBuildFile; fileRef = D321EBC11DC9E49400E50A4F /* LaunchScreen.storyboard */; };
		D321EBDA1DCA17D500E50A4F /* Tile.swift in Sources */ = {isa = PBXBuildFile; fileRef = D321EBD91DCA17D500E50A4F /* Tile.swift */; };
		D321EBE01DCA1EF900E50A4F /* Array2D.swift in Sources */ = {isa = PBXBuildFile; fileRef = D321EBDF1DCA1EF900E50A4F /* Array2D.swift */; };
		D321EBE21DCA1F9600E50A4F /* Level.swift in Sources */ = {isa = PBXBuildFile; fileRef = D321EBE11DCA1F9600E50A4F /* Level.swift */; };
		D321EBEB1DCA2D3F00E50A4F /* Level_11.json in Resources */ = {isa = PBXBuildFile; fileRef = D321EBE61DCA2D3F00E50A4F /* Level_11.json */; };
		D321EBEC1DCA2D3F00E50A4F /* Level_1_1.json in Resources */ = {isa = PBXBuildFile; fileRef = D321EBE71DCA2D3F00E50A4F /* Level_1_1.json */; };
		D321EBED1DCA2D3F00E50A4F /* Level_2_1.json in Resources */ = {isa = PBXBuildFile; fileRef = D321EBE81DCA2D3F00E50A4F /* Level_2_1.json */; };
		D321EBEE1DCA2D3F00E50A4F /* Level_3_1.json in Resources */ = {isa = PBXBuildFile; fileRef = D321EBE91DCA2D3F00E50A4F /* Level_3_1.json */; };
		D321EBEF1DCA2D3F00E50A4F /* Level_4_1.json in Resources */ = {isa = PBXBuildFile; fileRef = D321EBEA1DCA2D3F00E50A4F /* Level_4_1.json */; };
		D321EBF11DCA2D6900E50A4F /* Exntensions.swift in Sources */ = {isa = PBXBuildFile; fileRef = D321EBF01DCA2D6900E50A4F /* Exntensions.swift */; };
		D321EBF31DCA2EFE00E50A4F /* Obstacle.swift in Sources */ = {isa = PBXBuildFile; fileRef = D321EBF21DCA2EFE00E50A4F /* Obstacle.swift */; };
		D36CDA6B1E360A1900DCD92B /* ShopCollectionViewController.swift in Sources */ = {isa = PBXBuildFile; fileRef = D36CDA6A1E360A1900DCD92B /* ShopCollectionViewController.swift */; };
		D37ADDC11E6991AA0059876C /* Level_31.json in Resources */ = {isa = PBXBuildFile; fileRef = D37ADDC01E6991AA0059876C /* Level_31.json */; };
		D37ADDC31E6991BF0059876C /* Level_33.json in Resources */ = {isa = PBXBuildFile; fileRef = D37ADDC21E6991BF0059876C /* Level_33.json */; };
		D37ADDC51E6991CF0059876C /* Level_34.json in Resources */ = {isa = PBXBuildFile; fileRef = D37ADDC41E6991CF0059876C /* Level_34.json */; };
		D37ADDC71E6991EC0059876C /* Level_35.json in Resources */ = {isa = PBXBuildFile; fileRef = D37ADDC61E6991EC0059876C /* Level_35.json */; };
		D37ADDC91E6991F80059876C /* Level_36.json in Resources */ = {isa = PBXBuildFile; fileRef = D37ADDC81E6991F80059876C /* Level_36.json */; };
		D37ADDCB1E6993390059876C /* Level_42.json in Resources */ = {isa = PBXBuildFile; fileRef = D37ADDCA1E6993390059876C /* Level_42.json */; };
		D37ADDCD1E6993470059876C /* Level_43.json in Resources */ = {isa = PBXBuildFile; fileRef = D37ADDCC1E6993470059876C /* Level_43.json */; };
		D37ADDCF1E6993530059876C /* Level_44.json in Resources */ = {isa = PBXBuildFile; fileRef = D37ADDCE1E6993530059876C /* Level_44.json */; };
		D37ADDD11E6993600059876C /* Level_45.json in Resources */ = {isa = PBXBuildFile; fileRef = D37ADDD01E6993600059876C /* Level_45.json */; };
		D37ADDD31E69936E0059876C /* Level_46.json in Resources */ = {isa = PBXBuildFile; fileRef = D37ADDD21E69936E0059876C /* Level_46.json */; };
		D37ADDD51E6995700059876C /* Level_52.json in Resources */ = {isa = PBXBuildFile; fileRef = D37ADDD41E6995700059876C /* Level_52.json */; };
		D37ADDD71E69957C0059876C /* Level_53.json in Resources */ = {isa = PBXBuildFile; fileRef = D37ADDD61E69957C0059876C /* Level_53.json */; };
		D37ADDD91E69958A0059876C /* Level_54.json in Resources */ = {isa = PBXBuildFile; fileRef = D37ADDD81E69958A0059876C /* Level_54.json */; };
		D37ADDDB1E69959F0059876C /* Level_55.json in Resources */ = {isa = PBXBuildFile; fileRef = D37ADDDA1E69959F0059876C /* Level_55.json */; };
		D37ADDDD1E6995AB0059876C /* Level_56.json in Resources */ = {isa = PBXBuildFile; fileRef = D37ADDDC1E6995AB0059876C /* Level_56.json */; };
		D37ADDDF1E6997990059876C /* Level_57.json in Resources */ = {isa = PBXBuildFile; fileRef = D37ADDDE1E6997990059876C /* Level_57.json */; };
		D37ADDE11E6997A50059876C /* Level_58.json in Resources */ = {isa = PBXBuildFile; fileRef = D37ADDE01E6997A50059876C /* Level_58.json */; };
		D37ADDE31E6998610059876C /* Level_62.json in Resources */ = {isa = PBXBuildFile; fileRef = D37ADDE21E6998610059876C /* Level_62.json */; };
		D37ADDE51E69986F0059876C /* Level_63.json in Resources */ = {isa = PBXBuildFile; fileRef = D37ADDE41E69986F0059876C /* Level_63.json */; };
		D37ADDE71E69987C0059876C /* Level_64.json in Resources */ = {isa = PBXBuildFile; fileRef = D37ADDE61E69987C0059876C /* Level_64.json */; };
		D37ADDE91E69988B0059876C /* Level_65.json in Resources */ = {isa = PBXBuildFile; fileRef = D37ADDE81E69988B0059876C /* Level_65.json */; };
		D37ADDEB1E6998990059876C /* Level_66.json in Resources */ = {isa = PBXBuildFile; fileRef = D37ADDEA1E6998990059876C /* Level_66.json */; };
		D37ADDED1E6998A30059876C /* Level_67.json in Resources */ = {isa = PBXBuildFile; fileRef = D37ADDEC1E6998A30059876C /* Level_67.json */; };
		D37ADDEF1E6998AF0059876C /* Level_68.json in Resources */ = {isa = PBXBuildFile; fileRef = D37ADDEE1E6998AF0059876C /* Level_68.json */; };
		D37ADDF11E699EB10059876C /* Level_72.json in Resources */ = {isa = PBXBuildFile; fileRef = D37ADDF01E699EB10059876C /* Level_72.json */; };
		D37ADDF31E699EBC0059876C /* Level_73.json in Resources */ = {isa = PBXBuildFile; fileRef = D37ADDF21E699EBC0059876C /* Level_73.json */; };
		D37ADDF51E699ECD0059876C /* Level_74.json in Resources */ = {isa = PBXBuildFile; fileRef = D37ADDF41E699ECD0059876C /* Level_74.json */; };
		D37ADDF71E699ED90059876C /* Level_75.json in Resources */ = {isa = PBXBuildFile; fileRef = D37ADDF61E699ED90059876C /* Level_75.json */; };
		D37ADDF91E699EE40059876C /* Level_76.json in Resources */ = {isa = PBXBuildFile; fileRef = D37ADDF81E699EE40059876C /* Level_76.json */; };
		D37ADDFB1E699EF10059876C /* Level_77.json in Resources */ = {isa = PBXBuildFile; fileRef = D37ADDFA1E699EF10059876C /* Level_77.json */; };
		D37ADDFD1E699EFC0059876C /* Level_78.json in Resources */ = {isa = PBXBuildFile; fileRef = D37ADDFC1E699EFC0059876C /* Level_78.json */; };
		D37ADDFF1E69A00D0059876C /* Level_79.json in Resources */ = {isa = PBXBuildFile; fileRef = D37ADDFE1E69A00D0059876C /* Level_79.json */; };
		D37ADE011E69A01D0059876C /* Level_81.json in Resources */ = {isa = PBXBuildFile; fileRef = D37ADE001E69A01D0059876C /* Level_81.json */; };
		D37ADE031E69A02C0059876C /* Level_83.json in Resources */ = {isa = PBXBuildFile; fileRef = D37ADE021E69A02C0059876C /* Level_83.json */; };
		D37ADE051E69A0350059876C /* Level_84.json in Resources */ = {isa = PBXBuildFile; fileRef = D37ADE041E69A0350059876C /* Level_84.json */; };
		D37ADE071E69A0400059876C /* Level_85.json in Resources */ = {isa = PBXBuildFile; fileRef = D37ADE061E69A0400059876C /* Level_85.json */; };
		D37ADE091E69A0490059876C /* Level_86.json in Resources */ = {isa = PBXBuildFile; fileRef = D37ADE081E69A0490059876C /* Level_86.json */; };
		D37ADE0B1E69A0530059876C /* Level_87.json in Resources */ = {isa = PBXBuildFile; fileRef = D37ADE0A1E69A0530059876C /* Level_87.json */; };
		D37ADE0D1E69A05E0059876C /* Level_88.json in Resources */ = {isa = PBXBuildFile; fileRef = D37ADE0C1E69A05E0059876C /* Level_88.json */; };
		D37ADE0F1E69A0690059876C /* Level_89.json in Resources */ = {isa = PBXBuildFile; fileRef = D37ADE0E1E69A0690059876C /* Level_89.json */; };
		D37ADE111E69A09D0059876C /* Level_92.json in Resources */ = {isa = PBXBuildFile; fileRef = D37ADE101E69A09D0059876C /* Level_92.json */; };
		D37ADE131E69A0A60059876C /* Level_93.json in Resources */ = {isa = PBXBuildFile; fileRef = D37ADE121E69A0A60059876C /* Level_93.json */; };
		D37ADE151E69A0B00059876C /* Level_94.json in Resources */ = {isa = PBXBuildFile; fileRef = D37ADE141E69A0B00059876C /* Level_94.json */; };
		D37ADE171E69A0B90059876C /* Level_95.json in Resources */ = {isa = PBXBuildFile; fileRef = D37ADE161E69A0B90059876C /* Level_95.json */; };
		D37ADE191E69A0C30059876C /* Level_96.json in Resources */ = {isa = PBXBuildFile; fileRef = D37ADE181E69A0C30059876C /* Level_96.json */; };
		D37ADE1B1E69A0CD0059876C /* Level_97.json in Resources */ = {isa = PBXBuildFile; fileRef = D37ADE1A1E69A0CD0059876C /* Level_97.json */; };
		D37ADE1D1E69A0D70059876C /* Level_98.json in Resources */ = {isa = PBXBuildFile; fileRef = D37ADE1C1E69A0D70059876C /* Level_98.json */; };
		D37ADE1F1E69A0E00059876C /* Level_99.json in Resources */ = {isa = PBXBuildFile; fileRef = D37ADE1E1E69A0E00059876C /* Level_99.json */; };
		D3D1DBA41DD74AA7003AB527 /* Basket.swift in Sources */ = {isa = PBXBuildFile; fileRef = D3D1DBA31DD74AA7003AB527 /* Basket.swift */; };
		D3E487811E388B28002C14C8 /* Theme.swift in Sources */ = {isa = PBXBuildFile; fileRef = D3E487801E388B28002C14C8 /* Theme.swift */; };
		D3E487831E38AB5B002C14C8 /* ShopCollectionViewCell.swift in Sources */ = {isa = PBXBuildFile; fileRef = D3E487821E38AB5B002C14C8 /* ShopCollectionViewCell.swift */; };
		D3E4878C1E3E229D002C14C8 /* Level_21.json in Resources */ = {isa = PBXBuildFile; fileRef = D3E4878B1E3E229D002C14C8 /* Level_21.json */; };
		D3E4878E1E3E22E4002C14C8 /* Level_32.json in Resources */ = {isa = PBXBuildFile; fileRef = D3E4878D1E3E22E4002C14C8 /* Level_32.json */; };
		D3E487901E3E2364002C14C8 /* Level_41.json in Resources */ = {isa = PBXBuildFile; fileRef = D3E4878F1E3E2364002C14C8 /* Level_41.json */; };
		D3E487921E3E23C6002C14C8 /* Level_51.json in Resources */ = {isa = PBXBuildFile; fileRef = D3E487911E3E23C6002C14C8 /* Level_51.json */; };
		D3E487941E3E2426002C14C8 /* Level_61.json in Resources */ = {isa = PBXBuildFile; fileRef = D3E487931E3E2426002C14C8 /* Level_61.json */; };
		D3E487961E3E2A08002C14C8 /* Level_71.json in Resources */ = {isa = PBXBuildFile; fileRef = D3E487951E3E2A08002C14C8 /* Level_71.json */; };
		D3E487981E3E2A67002C14C8 /* Level_82.json in Resources */ = {isa = PBXBuildFile; fileRef = D3E487971E3E2A67002C14C8 /* Level_82.json */; };
		D3E4879A1E3E2B6D002C14C8 /* Level_91.json in Resources */ = {isa = PBXBuildFile; fileRef = D3E487991E3E2B6D002C14C8 /* Level_91.json */; };
		D3E4879C1E3E2B7C002C14C8 /* Level_10.json in Resources */ = {isa = PBXBuildFile; fileRef = D3E4879B1E3E2B7C002C14C8 /* Level_10.json */; };
		D3EBFD131E5AFE9D001458A7 /* Level_12.json in Resources */ = {isa = PBXBuildFile; fileRef = D3EBFD121E5AFE9D001458A7 /* Level_12.json */; };
		D3EBFD151E5AFEAF001458A7 /* Level_13.json in Resources */ = {isa = PBXBuildFile; fileRef = D3EBFD141E5AFEAF001458A7 /* Level_13.json */; };
		D3EBFD171E5AFEC1001458A7 /* Level_14.json in Resources */ = {isa = PBXBuildFile; fileRef = D3EBFD161E5AFEC1001458A7 /* Level_14.json */; };
		D3EBFD191E5B0722001458A7 /* Level_22.json in Resources */ = {isa = PBXBuildFile; fileRef = D3EBFD181E5B0722001458A7 /* Level_22.json */; };
		D3EBFD1B1E5B073A001458A7 /* Level_23.json in Resources */ = {isa = PBXBuildFile; fileRef = D3EBFD1A1E5B073A001458A7 /* Level_23.json */; };
		D3EBFD1D1E5B0755001458A7 /* Level_24.json in Resources */ = {isa = PBXBuildFile; fileRef = D3EBFD1C1E5B0755001458A7 /* Level_24.json */; };
/* End PBXBuildFile section */

/* Begin PBXFileReference section */
		D321EBAF1DC9E49400E50A4F /* Ping.app */ = {isa = PBXFileReference; explicitFileType = wrapper.application; includeInIndex = 0; path = Ping.app; sourceTree = BUILT_PRODUCTS_DIR; };
		D321EBB21DC9E49400E50A4F /* AppDelegate.swift */ = {isa = PBXFileReference; lastKnownFileType = sourcecode.swift; path = AppDelegate.swift; sourceTree = "<group>"; };
		D321EBB81DC9E49400E50A4F /* GameScene.swift */ = {isa = PBXFileReference; lastKnownFileType = sourcecode.swift; path = GameScene.swift; sourceTree = "<group>"; };
		D321EBBA1DC9E49400E50A4F /* GameViewController.swift */ = {isa = PBXFileReference; lastKnownFileType = sourcecode.swift; path = GameViewController.swift; sourceTree = "<group>"; };
		D321EBBD1DC9E49400E50A4F /* Base */ = {isa = PBXFileReference; lastKnownFileType = file.storyboard; name = Base; path = Base.lproj/Main.storyboard; sourceTree = "<group>"; };
		D321EBBF1DC9E49400E50A4F /* Assets.xcassets */ = {isa = PBXFileReference; lastKnownFileType = folder.assetcatalog; path = Assets.xcassets; sourceTree = "<group>"; };
		D321EBC21DC9E49400E50A4F /* Base */ = {isa = PBXFileReference; lastKnownFileType = file.storyboard; name = Base; path = Base.lproj/LaunchScreen.storyboard; sourceTree = "<group>"; };
		D321EBC41DC9E49400E50A4F /* Info.plist */ = {isa = PBXFileReference; lastKnownFileType = text.plist.xml; path = Info.plist; sourceTree = "<group>"; };
		D321EBD91DCA17D500E50A4F /* Tile.swift */ = {isa = PBXFileReference; fileEncoding = 4; lastKnownFileType = sourcecode.swift; path = Tile.swift; sourceTree = "<group>"; };
		D321EBDF1DCA1EF900E50A4F /* Array2D.swift */ = {isa = PBXFileReference; fileEncoding = 4; lastKnownFileType = sourcecode.swift; path = Array2D.swift; sourceTree = "<group>"; };
		D321EBE11DCA1F9600E50A4F /* Level.swift */ = {isa = PBXFileReference; fileEncoding = 4; lastKnownFileType = sourcecode.swift; path = Level.swift; sourceTree = "<group>"; };
		D321EBE61DCA2D3F00E50A4F /* Level_11.json */ = {isa = PBXFileReference; fileEncoding = 4; lastKnownFileType = text.json; path = Level_11.json; sourceTree = "<group>"; };
		D321EBE71DCA2D3F00E50A4F /* Level_1_1.json */ = {isa = PBXFileReference; fileEncoding = 4; lastKnownFileType = text.json; path = Level_1_1.json; sourceTree = "<group>"; };
		D321EBE81DCA2D3F00E50A4F /* Level_2_1.json */ = {isa = PBXFileReference; fileEncoding = 4; lastKnownFileType = text.json; path = Level_2_1.json; sourceTree = "<group>"; };
		D321EBE91DCA2D3F00E50A4F /* Level_3_1.json */ = {isa = PBXFileReference; fileEncoding = 4; lastKnownFileType = text.json; path = Level_3_1.json; sourceTree = "<group>"; };
		D321EBEA1DCA2D3F00E50A4F /* Level_4_1.json */ = {isa = PBXFileReference; fileEncoding = 4; lastKnownFileType = text.json; path = Level_4_1.json; sourceTree = "<group>"; };
		D321EBF01DCA2D6900E50A4F /* Exntensions.swift */ = {isa = PBXFileReference; fileEncoding = 4; lastKnownFileType = sourcecode.swift; name = Exntensions.swift; path = ../Exntensions.swift; sourceTree = "<group>"; };
		D321EBF21DCA2EFE00E50A4F /* Obstacle.swift */ = {isa = PBXFileReference; fileEncoding = 4; lastKnownFileType = sourcecode.swift; path = Obstacle.swift; sourceTree = "<group>"; };
		D36CDA6A1E360A1900DCD92B /* ShopCollectionViewController.swift */ = {isa = PBXFileReference; fileEncoding = 4; lastKnownFileType = sourcecode.swift; path = ShopCollectionViewController.swift; sourceTree = SOURCE_ROOT; };
		D37ADDC01E6991AA0059876C /* Level_31.json */ = {isa = PBXFileReference; fileEncoding = 4; lastKnownFileType = text.json; path = Level_31.json; sourceTree = "<group>"; };
		D37ADDC21E6991BF0059876C /* Level_33.json */ = {isa = PBXFileReference; fileEncoding = 4; lastKnownFileType = text.json; path = Level_33.json; sourceTree = "<group>"; };
		D37ADDC41E6991CF0059876C /* Level_34.json */ = {isa = PBXFileReference; fileEncoding = 4; lastKnownFileType = text.json; path = Level_34.json; sourceTree = "<group>"; };
		D37ADDC61E6991EC0059876C /* Level_35.json */ = {isa = PBXFileReference; fileEncoding = 4; lastKnownFileType = text.json; path = Level_35.json; sourceTree = "<group>"; };
		D37ADDC81E6991F80059876C /* Level_36.json */ = {isa = PBXFileReference; fileEncoding = 4; lastKnownFileType = text.json; path = Level_36.json; sourceTree = "<group>"; };
		D37ADDCA1E6993390059876C /* Level_42.json */ = {isa = PBXFileReference; fileEncoding = 4; lastKnownFileType = text.json; path = Level_42.json; sourceTree = "<group>"; };
		D37ADDCC1E6993470059876C /* Level_43.json */ = {isa = PBXFileReference; fileEncoding = 4; lastKnownFileType = text.json; path = Level_43.json; sourceTree = "<group>"; };
		D37ADDCE1E6993530059876C /* Level_44.json */ = {isa = PBXFileReference; fileEncoding = 4; lastKnownFileType = text.json; path = Level_44.json; sourceTree = "<group>"; };
		D37ADDD01E6993600059876C /* Level_45.json */ = {isa = PBXFileReference; fileEncoding = 4; lastKnownFileType = text.json; path = Level_45.json; sourceTree = "<group>"; };
		D37ADDD21E69936E0059876C /* Level_46.json */ = {isa = PBXFileReference; fileEncoding = 4; lastKnownFileType = text.json; path = Level_46.json; sourceTree = "<group>"; };
		D37ADDD41E6995700059876C /* Level_52.json */ = {isa = PBXFileReference; fileEncoding = 4; lastKnownFileType = text.json; path = Level_52.json; sourceTree = "<group>"; };
		D37ADDD61E69957C0059876C /* Level_53.json */ = {isa = PBXFileReference; fileEncoding = 4; lastKnownFileType = text.json; path = Level_53.json; sourceTree = "<group>"; };
		D37ADDD81E69958A0059876C /* Level_54.json */ = {isa = PBXFileReference; fileEncoding = 4; lastKnownFileType = text.json; path = Level_54.json; sourceTree = "<group>"; };
		D37ADDDA1E69959F0059876C /* Level_55.json */ = {isa = PBXFileReference; fileEncoding = 4; lastKnownFileType = text.json; path = Level_55.json; sourceTree = "<group>"; };
		D37ADDDC1E6995AB0059876C /* Level_56.json */ = {isa = PBXFileReference; fileEncoding = 4; lastKnownFileType = text.json; path = Level_56.json; sourceTree = "<group>"; };
		D37ADDDE1E6997990059876C /* Level_57.json */ = {isa = PBXFileReference; fileEncoding = 4; lastKnownFileType = text.json; path = Level_57.json; sourceTree = "<group>"; };
		D37ADDE01E6997A50059876C /* Level_58.json */ = {isa = PBXFileReference; fileEncoding = 4; lastKnownFileType = text.json; path = Level_58.json; sourceTree = "<group>"; };
		D37ADDE21E6998610059876C /* Level_62.json */ = {isa = PBXFileReference; fileEncoding = 4; lastKnownFileType = text.json; path = Level_62.json; sourceTree = "<group>"; };
		D37ADDE41E69986F0059876C /* Level_63.json */ = {isa = PBXFileReference; fileEncoding = 4; lastKnownFileType = text.json; path = Level_63.json; sourceTree = "<group>"; };
		D37ADDE61E69987C0059876C /* Level_64.json */ = {isa = PBXFileReference; fileEncoding = 4; lastKnownFileType = text.json; path = Level_64.json; sourceTree = "<group>"; };
		D37ADDE81E69988B0059876C /* Level_65.json */ = {isa = PBXFileReference; fileEncoding = 4; lastKnownFileType = text.json; path = Level_65.json; sourceTree = "<group>"; };
		D37ADDEA1E6998990059876C /* Level_66.json */ = {isa = PBXFileReference; fileEncoding = 4; lastKnownFileType = text.json; path = Level_66.json; sourceTree = "<group>"; };
		D37ADDEC1E6998A30059876C /* Level_67.json */ = {isa = PBXFileReference; fileEncoding = 4; lastKnownFileType = text.json; path = Level_67.json; sourceTree = "<group>"; };
		D37ADDEE1E6998AF0059876C /* Level_68.json */ = {isa = PBXFileReference; fileEncoding = 4; lastKnownFileType = text.json; path = Level_68.json; sourceTree = "<group>"; };
		D37ADDF01E699EB10059876C /* Level_72.json */ = {isa = PBXFileReference; fileEncoding = 4; lastKnownFileType = text.json; path = Level_72.json; sourceTree = "<group>"; };
		D37ADDF21E699EBC0059876C /* Level_73.json */ = {isa = PBXFileReference; fileEncoding = 4; lastKnownFileType = text.json; path = Level_73.json; sourceTree = "<group>"; };
		D37ADDF41E699ECD0059876C /* Level_74.json */ = {isa = PBXFileReference; fileEncoding = 4; lastKnownFileType = text.json; path = Level_74.json; sourceTree = "<group>"; };
		D37ADDF61E699ED90059876C /* Level_75.json */ = {isa = PBXFileReference; fileEncoding = 4; lastKnownFileType = text.json; path = Level_75.json; sourceTree = "<group>"; };
		D37ADDF81E699EE40059876C /* Level_76.json */ = {isa = PBXFileReference; fileEncoding = 4; lastKnownFileType = text.json; path = Level_76.json; sourceTree = "<group>"; };
		D37ADDFA1E699EF10059876C /* Level_77.json */ = {isa = PBXFileReference; fileEncoding = 4; lastKnownFileType = text.json; path = Level_77.json; sourceTree = "<group>"; };
		D37ADDFC1E699EFC0059876C /* Level_78.json */ = {isa = PBXFileReference; fileEncoding = 4; lastKnownFileType = text.json; path = Level_78.json; sourceTree = "<group>"; };
		D37ADDFE1E69A00D0059876C /* Level_79.json */ = {isa = PBXFileReference; fileEncoding = 4; lastKnownFileType = text.json; path = Level_79.json; sourceTree = "<group>"; };
		D37ADE001E69A01D0059876C /* Level_81.json */ = {isa = PBXFileReference; fileEncoding = 4; lastKnownFileType = text.json; path = Level_81.json; sourceTree = "<group>"; };
		D37ADE021E69A02C0059876C /* Level_83.json */ = {isa = PBXFileReference; fileEncoding = 4; lastKnownFileType = text.json; path = Level_83.json; sourceTree = "<group>"; };
		D37ADE041E69A0350059876C /* Level_84.json */ = {isa = PBXFileReference; fileEncoding = 4; lastKnownFileType = text.json; path = Level_84.json; sourceTree = "<group>"; };
		D37ADE061E69A0400059876C /* Level_85.json */ = {isa = PBXFileReference; fileEncoding = 4; lastKnownFileType = text.json; path = Level_85.json; sourceTree = "<group>"; };
		D37ADE081E69A0490059876C /* Level_86.json */ = {isa = PBXFileReference; fileEncoding = 4; lastKnownFileType = text.json; path = Level_86.json; sourceTree = "<group>"; };
		D37ADE0A1E69A0530059876C /* Level_87.json */ = {isa = PBXFileReference; fileEncoding = 4; lastKnownFileType = text.json; path = Level_87.json; sourceTree = "<group>"; };
		D37ADE0C1E69A05E0059876C /* Level_88.json */ = {isa = PBXFileReference; fileEncoding = 4; lastKnownFileType = text.json; path = Level_88.json; sourceTree = "<group>"; };
		D37ADE0E1E69A0690059876C /* Level_89.json */ = {isa = PBXFileReference; fileEncoding = 4; lastKnownFileType = text.json; path = Level_89.json; sourceTree = "<group>"; };
		D37ADE101E69A09D0059876C /* Level_92.json */ = {isa = PBXFileReference; fileEncoding = 4; lastKnownFileType = text.json; path = Level_92.json; sourceTree = "<group>"; };
		D37ADE121E69A0A60059876C /* Level_93.json */ = {isa = PBXFileReference; fileEncoding = 4; lastKnownFileType = text.json; path = Level_93.json; sourceTree = "<group>"; };
		D37ADE141E69A0B00059876C /* Level_94.json */ = {isa = PBXFileReference; fileEncoding = 4; lastKnownFileType = text.json; path = Level_94.json; sourceTree = "<group>"; };
		D37ADE161E69A0B90059876C /* Level_95.json */ = {isa = PBXFileReference; fileEncoding = 4; lastKnownFileType = text.json; path = Level_95.json; sourceTree = "<group>"; };
		D37ADE181E69A0C30059876C /* Level_96.json */ = {isa = PBXFileReference; fileEncoding = 4; lastKnownFileType = text.json; path = Level_96.json; sourceTree = "<group>"; };
		D37ADE1A1E69A0CD0059876C /* Level_97.json */ = {isa = PBXFileReference; fileEncoding = 4; lastKnownFileType = text.json; path = Level_97.json; sourceTree = "<group>"; };
		D37ADE1C1E69A0D70059876C /* Level_98.json */ = {isa = PBXFileReference; fileEncoding = 4; lastKnownFileType = text.json; path = Level_98.json; sourceTree = "<group>"; };
		D37ADE1E1E69A0E00059876C /* Level_99.json */ = {isa = PBXFileReference; fileEncoding = 4; lastKnownFileType = text.json; path = Level_99.json; sourceTree = "<group>"; };
		D3D1DBA31DD74AA7003AB527 /* Basket.swift */ = {isa = PBXFileReference; fileEncoding = 4; lastKnownFileType = sourcecode.swift; path = Basket.swift; sourceTree = "<group>"; };
		D3E487801E388B28002C14C8 /* Theme.swift */ = {isa = PBXFileReference; fileEncoding = 4; lastKnownFileType = sourcecode.swift; path = Theme.swift; sourceTree = "<group>"; };
		D3E487821E38AB5B002C14C8 /* ShopCollectionViewCell.swift */ = {isa = PBXFileReference; fileEncoding = 4; lastKnownFileType = sourcecode.swift; path = ShopCollectionViewCell.swift; sourceTree = "<group>"; };
		D3E4878B1E3E229D002C14C8 /* Level_21.json */ = {isa = PBXFileReference; fileEncoding = 4; lastKnownFileType = text.json; path = Level_21.json; sourceTree = "<group>"; };
		D3E4878D1E3E22E4002C14C8 /* Level_32.json */ = {isa = PBXFileReference; fileEncoding = 4; lastKnownFileType = text.json; path = Level_32.json; sourceTree = "<group>"; };
		D3E4878F1E3E2364002C14C8 /* Level_41.json */ = {isa = PBXFileReference; fileEncoding = 4; lastKnownFileType = text.json; path = Level_41.json; sourceTree = "<group>"; };
		D3E487911E3E23C6002C14C8 /* Level_51.json */ = {isa = PBXFileReference; fileEncoding = 4; lastKnownFileType = text.json; path = Level_51.json; sourceTree = "<group>"; };
		D3E487931E3E2426002C14C8 /* Level_61.json */ = {isa = PBXFileReference; fileEncoding = 4; lastKnownFileType = text.json; path = Level_61.json; sourceTree = "<group>"; };
		D3E487951E3E2A08002C14C8 /* Level_71.json */ = {isa = PBXFileReference; fileEncoding = 4; lastKnownFileType = text.json; path = Level_71.json; sourceTree = "<group>"; };
		D3E487971E3E2A67002C14C8 /* Level_82.json */ = {isa = PBXFileReference; fileEncoding = 4; lastKnownFileType = text.json; path = Level_82.json; sourceTree = "<group>"; };
		D3E487991E3E2B6D002C14C8 /* Level_91.json */ = {isa = PBXFileReference; fileEncoding = 4; lastKnownFileType = text.json; path = Level_91.json; sourceTree = "<group>"; };
		D3E4879B1E3E2B7C002C14C8 /* Level_10.json */ = {isa = PBXFileReference; fileEncoding = 4; lastKnownFileType = text.json; path = Level_10.json; sourceTree = "<group>"; };
		D3EBFD121E5AFE9D001458A7 /* Level_12.json */ = {isa = PBXFileReference; fileEncoding = 4; lastKnownFileType = text.json; path = Level_12.json; sourceTree = "<group>"; };
		D3EBFD141E5AFEAF001458A7 /* Level_13.json */ = {isa = PBXFileReference; fileEncoding = 4; lastKnownFileType = text.json; path = Level_13.json; sourceTree = "<group>"; };
		D3EBFD161E5AFEC1001458A7 /* Level_14.json */ = {isa = PBXFileReference; fileEncoding = 4; lastKnownFileType = text.json; path = Level_14.json; sourceTree = "<group>"; };
		D3EBFD181E5B0722001458A7 /* Level_22.json */ = {isa = PBXFileReference; fileEncoding = 4; lastKnownFileType = text.json; path = Level_22.json; sourceTree = "<group>"; };
		D3EBFD1A1E5B073A001458A7 /* Level_23.json */ = {isa = PBXFileReference; fileEncoding = 4; lastKnownFileType = text.json; path = Level_23.json; sourceTree = "<group>"; };
		D3EBFD1C1E5B0755001458A7 /* Level_24.json */ = {isa = PBXFileReference; fileEncoding = 4; lastKnownFileType = text.json; path = Level_24.json; sourceTree = "<group>"; };
/* End PBXFileReference section */

/* Begin PBXFrameworksBuildPhase section */
		D321EBAC1DC9E49400E50A4F /* Frameworks */ = {
			isa = PBXFrameworksBuildPhase;
			buildActionMask = 2147483647;
			files = (
			);
			runOnlyForDeploymentPostprocessing = 0;
		};
/* End PBXFrameworksBuildPhase section */

/* Begin PBXGroup section */
		D321EBA61DC9E49400E50A4F = {
			isa = PBXGroup;
			children = (
				D321EBB11DC9E49400E50A4F /* Ping */,
				D321EBB01DC9E49400E50A4F /* Products */,
			);
			sourceTree = "<group>";
		};
		D321EBB01DC9E49400E50A4F /* Products */ = {
			isa = PBXGroup;
			children = (
				D321EBAF1DC9E49400E50A4F /* Ping.app */,
			);
			name = Products;
			sourceTree = "<group>";
		};
		D321EBB11DC9E49400E50A4F /* Ping */ = {
			isa = PBXGroup;
			children = (
				D321EBE51DCA2D2300E50A4F /* Levels */,
				D3E4878A1E3DECD0002C14C8 /* Theme */,
				D3E487891E3DECC5002C14C8 /* Scene */,
				D3E487881E3DEC8E002C14C8 /* Resouces */,
				D3E487871E3DEC2B002C14C8 /* Misc */,
				D3E487851E3DE9C5002C14C8 /* Model */,
				D3E487841E3DE97F002C14C8 /* Controllers */,
			);
			path = Ping;
			sourceTree = "<group>";
		};
		D321EBE51DCA2D2300E50A4F /* Levels */ = {
			isa = PBXGroup;
			children = (
				D3EBFD111E5AFD37001458A7 /* Level11 */,
				D3EBFD101E5AFD2F001458A7 /* Level10 */,
				D3EBFD0F1E5AFD27001458A7 /* Level9 */,
				D3EBFD0E1E5AFD20001458A7 /* Level8 */,
				D3EBFD0D1E5AFD17001458A7 /* Level7 */,
				D3EBFD0C1E5AFD0D001458A7 /* Level6 */,
				D3EBFD0B1E5AFD03001458A7 /* Level5 */,
				D3EBFD0A1E5AFCFD001458A7 /* Level4 */,
				D3EBFD091E5AFCF5001458A7 /* Level3 */,
				D3EBFD081E5AFCEF001458A7 /* Level2 */,
				D3EBFD071E5AFCD5001458A7 /* Level1 */,
				D321EBE71DCA2D3F00E50A4F /* Level_1_1.json */,
				D321EBE81DCA2D3F00E50A4F /* Level_2_1.json */,
				D321EBE91DCA2D3F00E50A4F /* Level_3_1.json */,
				D321EBEA1DCA2D3F00E50A4F /* Level_4_1.json */,
			);
			name = Levels;
			path = ..;
			sourceTree = "<group>";
		};
		D3E487841E3DE97F002C14C8 /* Controllers */ = {
			isa = PBXGroup;
			children = (
				D3E487821E38AB5B002C14C8 /* ShopCollectionViewCell.swift */,
				D321EBBA1DC9E49400E50A4F /* GameViewController.swift */,
				D36CDA6A1E360A1900DCD92B /* ShopCollectionViewController.swift */,
			);
			name = Controllers;
			sourceTree = "<group>";
		};
		D3E487851E3DE9C5002C14C8 /* Model */ = {
			isa = PBXGroup;
			children = (
				D321EBDF1DCA1EF900E50A4F /* Array2D.swift */,
				D3D1DBA31DD74AA7003AB527 /* Basket.swift */,
				D321EBF21DCA2EFE00E50A4F /* Obstacle.swift */,
				D321EBE11DCA1F9600E50A4F /* Level.swift */,
				D321EBD91DCA17D500E50A4F /* Tile.swift */,
			);
			name = Model;
			sourceTree = "<group>";
		};
		D3E487871E3DEC2B002C14C8 /* Misc */ = {
			isa = PBXGroup;
			children = (
				D321EBB21DC9E49400E50A4F /* AppDelegate.swift */,
				D321EBBC1DC9E49400E50A4F /* Main.storyboard */,
				D321EBF01DCA2D6900E50A4F /* Exntensions.swift */,
				D321EBC41DC9E49400E50A4F /* Info.plist */,
				D321EBC11DC9E49400E50A4F /* LaunchScreen.storyboard */,
			);
			name = Misc;
			sourceTree = "<group>";
		};
		D3E487881E3DEC8E002C14C8 /* Resouces */ = {
			isa = PBXGroup;
			children = (
				D321EBBF1DC9E49400E50A4F /* Assets.xcassets */,
			);
			name = Resouces;
			sourceTree = "<group>";
		};
		D3E487891E3DECC5002C14C8 /* Scene */ = {
			isa = PBXGroup;
			children = (
				D321EBB81DC9E49400E50A4F /* GameScene.swift */,
			);
			name = Scene;
			sourceTree = "<group>";
		};
		D3E4878A1E3DECD0002C14C8 /* Theme */ = {
			isa = PBXGroup;
			children = (
				D3E487801E388B28002C14C8 /* Theme.swift */,
			);
			name = Theme;
			sourceTree = "<group>";
		};
		D3EBFD071E5AFCD5001458A7 /* Level1 */ = {
			isa = PBXGroup;
			children = (
				D321EBE61DCA2D3F00E50A4F /* Level_11.json */,
				D3EBFD121E5AFE9D001458A7 /* Level_12.json */,
				D3EBFD141E5AFEAF001458A7 /* Level_13.json */,
				D3EBFD161E5AFEC1001458A7 /* Level_14.json */,
			);
			name = Level1;
			sourceTree = "<group>";
		};
		D3EBFD081E5AFCEF001458A7 /* Level2 */ = {
			isa = PBXGroup;
			children = (
				D3E4878B1E3E229D002C14C8 /* Level_21.json */,
				D3EBFD181E5B0722001458A7 /* Level_22.json */,
				D3EBFD1A1E5B073A001458A7 /* Level_23.json */,
				D3EBFD1C1E5B0755001458A7 /* Level_24.json */,
			);
			name = Level2;
			sourceTree = "<group>";
		};
		D3EBFD091E5AFCF5001458A7 /* Level3 */ = {
			isa = PBXGroup;
			children = (
				D3E4878D1E3E22E4002C14C8 /* Level_32.json */,
				D37ADDC01E6991AA0059876C /* Level_31.json */,
				D37ADDC21E6991BF0059876C /* Level_33.json */,
				D37ADDC41E6991CF0059876C /* Level_34.json */,
				D37ADDC61E6991EC0059876C /* Level_35.json */,
				D37ADDC81E6991F80059876C /* Level_36.json */,
			);
			name = Level3;
			sourceTree = "<group>";
		};
		D3EBFD0A1E5AFCFD001458A7 /* Level4 */ = {
			isa = PBXGroup;
			children = (
				D3E4878F1E3E2364002C14C8 /* Level_41.json */,
				D37ADDCA1E6993390059876C /* Level_42.json */,
				D37ADDCC1E6993470059876C /* Level_43.json */,
				D37ADDCE1E6993530059876C /* Level_44.json */,
				D37ADDD01E6993600059876C /* Level_45.json */,
				D37ADDD21E69936E0059876C /* Level_46.json */,
			);
			name = Level4;
			sourceTree = "<group>";
		};
		D3EBFD0B1E5AFD03001458A7 /* Level5 */ = {
			isa = PBXGroup;
			children = (
				D3E487911E3E23C6002C14C8 /* Level_51.json */,
				D37ADDD41E6995700059876C /* Level_52.json */,
				D37ADDD61E69957C0059876C /* Level_53.json */,
				D37ADDD81E69958A0059876C /* Level_54.json */,
				D37ADDDA1E69959F0059876C /* Level_55.json */,
				D37ADDDC1E6995AB0059876C /* Level_56.json */,
				D37ADDDE1E6997990059876C /* Level_57.json */,
				D37ADDE01E6997A50059876C /* Level_58.json */,
			);
			name = Level5;
			sourceTree = "<group>";
		};
		D3EBFD0C1E5AFD0D001458A7 /* Level6 */ = {
			isa = PBXGroup;
			children = (
				D3E487931E3E2426002C14C8 /* Level_61.json */,
				D37ADDE21E6998610059876C /* Level_62.json */,
				D37ADDE41E69986F0059876C /* Level_63.json */,
				D37ADDE61E69987C0059876C /* Level_64.json */,
				D37ADDE81E69988B0059876C /* Level_65.json */,
				D37ADDEA1E6998990059876C /* Level_66.json */,
				D37ADDEC1E6998A30059876C /* Level_67.json */,
				D37ADDEE1E6998AF0059876C /* Level_68.json */,
			);
			name = Level6;
			sourceTree = "<group>";
		};
		D3EBFD0D1E5AFD17001458A7 /* Level7 */ = {
			isa = PBXGroup;
			children = (
				D3E487951E3E2A08002C14C8 /* Level_71.json */,
				D37ADDF01E699EB10059876C /* Level_72.json */,
				D37ADDF21E699EBC0059876C /* Level_73.json */,
				D37ADDF41E699ECD0059876C /* Level_74.json */,
				D37ADDF61E699ED90059876C /* Level_75.json */,
				D37ADDF81E699EE40059876C /* Level_76.json */,
				D37ADDFA1E699EF10059876C /* Level_77.json */,
				D37ADDFC1E699EFC0059876C /* Level_78.json */,
				D37ADDFE1E69A00D0059876C /* Level_79.json */,
			);
			name = Level7;
			sourceTree = "<group>";
		};
		D3EBFD0E1E5AFD20001458A7 /* Level8 */ = {
			isa = PBXGroup;
			children = (
				D3E487971E3E2A67002C14C8 /* Level_82.json */,
				D37ADE001E69A01D0059876C /* Level_81.json */,
				D37ADE021E69A02C0059876C /* Level_83.json */,
				D37ADE041E69A0350059876C /* Level_84.json */,
				D37ADE061E69A0400059876C /* Level_85.json */,
				D37ADE081E69A0490059876C /* Level_86.json */,
				D37ADE0A1E69A0530059876C /* Level_87.json */,
				D37ADE0C1E69A05E0059876C /* Level_88.json */,
				D37ADE0E1E69A0690059876C /* Level_89.json */,
			);
			name = Level8;
			sourceTree = "<group>";
		};
		D3EBFD0F1E5AFD27001458A7 /* Level9 */ = {
			isa = PBXGroup;
			children = (
				D3E487991E3E2B6D002C14C8 /* Level_91.json */,
				D37ADE101E69A09D0059876C /* Level_92.json */,
				D37ADE121E69A0A60059876C /* Level_93.json */,
				D37ADE141E69A0B00059876C /* Level_94.json */,
				D37ADE161E69A0B90059876C /* Level_95.json */,
				D37ADE181E69A0C30059876C /* Level_96.json */,
				D37ADE1A1E69A0CD0059876C /* Level_97.json */,
				D37ADE1C1E69A0D70059876C /* Level_98.json */,
				D37ADE1E1E69A0E00059876C /* Level_99.json */,
			);
			name = Level9;
			sourceTree = "<group>";
		};
		D3EBFD101E5AFD2F001458A7 /* Level10 */ = {
			isa = PBXGroup;
			children = (
				D3E4879B1E3E2B7C002C14C8 /* Level_10.json */,
			);
			name = Level10;
			sourceTree = "<group>";
		};
		D3EBFD111E5AFD37001458A7 /* Level11 */ = {
			isa = PBXGroup;
			children = (
			);
			name = Level11;
			sourceTree = "<group>";
		};
/* End PBXGroup section */

/* Begin PBXNativeTarget section */
		D321EBAE1DC9E49400E50A4F /* Ping */ = {
			isa = PBXNativeTarget;
			buildConfigurationList = D321EBC71DC9E49500E50A4F /* Build configuration list for PBXNativeTarget "Ping" */;
			buildPhases = (
				D321EBAB1DC9E49400E50A4F /* Sources */,
				D321EBAC1DC9E49400E50A4F /* Frameworks */,
				D321EBAD1DC9E49400E50A4F /* Resources */,
			);
			buildRules = (
			);
			dependencies = (
			);
			name = Ping;
			productName = Ping;
			productReference = D321EBAF1DC9E49400E50A4F /* Ping.app */;
			productType = "com.apple.product-type.application";
		};
/* End PBXNativeTarget section */

/* Begin PBXProject section */
		D321EBA71DC9E49400E50A4F /* Project object */ = {
			isa = PBXProject;
			attributes = {
				LastSwiftUpdateCheck = 0800;
				LastUpgradeCheck = 0800;
				ORGANIZATIONNAME = gala;
				TargetAttributes = {
					D321EBAE1DC9E49400E50A4F = {
						CreatedOnToolsVersion = 8.0;
						DevelopmentTeam = 83H63AD9J8;
						ProvisioningStyle = Automatic;
					};
				};
			};
			buildConfigurationList = D321EBAA1DC9E49400E50A4F /* Build configuration list for PBXProject "Ping" */;
			compatibilityVersion = "Xcode 3.2";
			developmentRegion = English;
			hasScannedForEncodings = 0;
			knownRegions = (
				en,
				Base,
			);
			mainGroup = D321EBA61DC9E49400E50A4F;
			productRefGroup = D321EBB01DC9E49400E50A4F /* Products */;
			projectDirPath = "";
			projectRoot = "";
			targets = (
				D321EBAE1DC9E49400E50A4F /* Ping */,
			);
		};
/* End PBXProject section */

/* Begin PBXResourcesBuildPhase section */
		D321EBAD1DC9E49400E50A4F /* Resources */ = {
			isa = PBXResourcesBuildPhase;
			buildActionMask = 2147483647;
			files = (
				D37ADDF31E699EBC0059876C /* Level_73.json in Resources */,
				D321EBEC1DCA2D3F00E50A4F /* Level_1_1.json in Resources */,
				D37ADE091E69A0490059876C /* Level_86.json in Resources */,
				D3E487981E3E2A67002C14C8 /* Level_82.json in Resources */,
				D37ADE171E69A0B90059876C /* Level_95.json in Resources */,
				D37ADDCB1E6993390059876C /* Level_42.json in Resources */,
				D37ADDC31E6991BF0059876C /* Level_33.json in Resources */,
				D37ADE0B1E69A0530059876C /* Level_87.json in Resources */,
				D3EBFD1B1E5B073A001458A7 /* Level_23.json in Resources */,
				D37ADDF11E699EB10059876C /* Level_72.json in Resources */,
				D37ADDD91E69958A0059876C /* Level_54.json in Resources */,
				D37ADDD51E6995700059876C /* Level_52.json in Resources */,
				D3E487941E3E2426002C14C8 /* Level_61.json in Resources */,
				D37ADE1F1E69A0E00059876C /* Level_99.json in Resources */,
				D37ADDC51E6991CF0059876C /* Level_34.json in Resources */,
				D3E4878C1E3E229D002C14C8 /* Level_21.json in Resources */,
				D3E4879A1E3E2B6D002C14C8 /* Level_91.json in Resources */,
				D3EBFD131E5AFE9D001458A7 /* Level_12.json in Resources */,
				D321EBEF1DCA2D3F00E50A4F /* Level_4_1.json in Resources */,
				D37ADDDD1E6995AB0059876C /* Level_56.json in Resources */,
				D37ADE191E69A0C30059876C /* Level_96.json in Resources */,
				D37ADDD31E69936E0059876C /* Level_46.json in Resources */,
				D37ADDC11E6991AA0059876C /* Level_31.json in Resources */,
				D3E487901E3E2364002C14C8 /* Level_41.json in Resources */,
				D37ADE1B1E69A0CD0059876C /* Level_97.json in Resources */,
				D37ADDE51E69986F0059876C /* Level_63.json in Resources */,
				D37ADDE11E6997A50059876C /* Level_58.json in Resources */,
				D37ADE151E69A0B00059876C /* Level_94.json in Resources */,
				D3E487921E3E23C6002C14C8 /* Level_51.json in Resources */,
				D37ADE071E69A0400059876C /* Level_85.json in Resources */,
				D37ADDC91E6991F80059876C /* Level_36.json in Resources */,
				D37ADDED1E6998A30059876C /* Level_67.json in Resources */,
				D3E487961E3E2A08002C14C8 /* Level_71.json in Resources */,
				D37ADDC71E6991EC0059876C /* Level_35.json in Resources */,
				D37ADDE91E69988B0059876C /* Level_65.json in Resources */,
				D37ADDCD1E6993470059876C /* Level_43.json in Resources */,
				D321EBEE1DCA2D3F00E50A4F /* Level_3_1.json in Resources */,
				D37ADE131E69A0A60059876C /* Level_93.json in Resources */,
				D37ADE011E69A01D0059876C /* Level_81.json in Resources */,
				D321EBBE1DC9E49400E50A4F /* Main.storyboard in Resources */,
				D321EBEB1DCA2D3F00E50A4F /* Level_11.json in Resources */,
				D37ADE031E69A02C0059876C /* Level_83.json in Resources */,
				D37ADE0D1E69A05E0059876C /* Level_88.json in Resources */,
				D37ADDD11E6993600059876C /* Level_45.json in Resources */,
				D37ADDFF1E69A00D0059876C /* Level_79.json in Resources */,
				D3EBFD1D1E5B0755001458A7 /* Level_24.json in Resources */,
				D3EBFD151E5AFEAF001458A7 /* Level_13.json in Resources */,
				D37ADE0F1E69A0690059876C /* Level_89.json in Resources */,
				D37ADE1D1E69A0D70059876C /* Level_98.json in Resources */,
				D3E4878E1E3E22E4002C14C8 /* Level_32.json in Resources */,
				D37ADDEB1E6998990059876C /* Level_66.json in Resources */,
				D37ADDD71E69957C0059876C /* Level_53.json in Resources */,
				D37ADDF91E699EE40059876C /* Level_76.json in Resources */,
				D37ADDFB1E699EF10059876C /* Level_77.json in Resources */,
				D321EBC01DC9E49400E50A4F /* Assets.xcassets in Resources */,
				D321EBED1DCA2D3F00E50A4F /* Level_2_1.json in Resources */,
				D37ADDFD1E699EFC0059876C /* Level_78.json in Resources */,
				D3EBFD191E5B0722001458A7 /* Level_22.json in Resources */,
				D37ADDE71E69987C0059876C /* Level_64.json in Resources */,
				D3EBFD171E5AFEC1001458A7 /* Level_14.json in Resources */,
				D37ADDEF1E6998AF0059876C /* Level_68.json in Resources */,
				D37ADDCF1E6993530059876C /* Level_44.json in Resources */,
				D37ADE111E69A09D0059876C /* Level_92.json in Resources */,
				D37ADDE31E6998610059876C /* Level_62.json in Resources */,
				D37ADDDB1E69959F0059876C /* Level_55.json in Resources */,
				D37ADE051E69A0350059876C /* Level_84.json in Resources */,
				D321EBC31DC9E49400E50A4F /* LaunchScreen.storyboard in Resources */,
				D37ADDF51E699ECD0059876C /* Level_74.json in Resources */,
				D3E4879C1E3E2B7C002C14C8 /* Level_10.json in Resources */,
				D37ADDDF1E6997990059876C /* Level_57.json in Resources */,
				D37ADDF71E699ED90059876C /* Level_75.json in Resources */,
			);
			runOnlyForDeploymentPostprocessing = 0;
		};
/* End PBXResourcesBuildPhase section */

/* Begin PBXSourcesBuildPhase section */
		D321EBAB1DC9E49400E50A4F /* Sources */ = {
			isa = PBXSourcesBuildPhase;
			buildActionMask = 2147483647;
			files = (
				D3E487831E38AB5B002C14C8 /* ShopCollectionViewCell.swift in Sources */,
				D321EBE21DCA1F9600E50A4F /* Level.swift in Sources */,
				D321EBF11DCA2D6900E50A4F /* Exntensions.swift in Sources */,
				D36CDA6B1E360A1900DCD92B /* ShopCollectionViewController.swift in Sources */,
				D321EBB91DC9E49400E50A4F /* GameScene.swift in Sources */,
				D3E487811E388B28002C14C8 /* Theme.swift in Sources */,
				D321EBBB1DC9E49400E50A4F /* GameViewController.swift in Sources */,
				D321EBB31DC9E49400E50A4F /* AppDelegate.swift in Sources */,
				D321EBDA1DCA17D500E50A4F /* Tile.swift in Sources */,
				D3D1DBA41DD74AA7003AB527 /* Basket.swift in Sources */,
				D321EBE01DCA1EF900E50A4F /* Array2D.swift in Sources */,
				D321EBF31DCA2EFE00E50A4F /* Obstacle.swift in Sources */,
			);
			runOnlyForDeploymentPostprocessing = 0;
		};
/* End PBXSourcesBuildPhase section */

/* Begin PBXVariantGroup section */
		D321EBBC1DC9E49400E50A4F /* Main.storyboard */ = {
			isa = PBXVariantGroup;
			children = (
				D321EBBD1DC9E49400E50A4F /* Base */,
			);
			name = Main.storyboard;
			sourceTree = "<group>";
		};
		D321EBC11DC9E49400E50A4F /* LaunchScreen.storyboard */ = {
			isa = PBXVariantGroup;
			children = (
				D321EBC21DC9E49400E50A4F /* Base */,
			);
			name = LaunchScreen.storyboard;
			sourceTree = "<group>";
		};
/* End PBXVariantGroup section */

/* Begin XCBuildConfiguration section */
		D321EBC51DC9E49500E50A4F /* Debug */ = {
			isa = XCBuildConfiguration;
			buildSettings = {
				ALWAYS_SEARCH_USER_PATHS = NO;
				CLANG_ANALYZER_NONNULL = YES;
				CLANG_CXX_LANGUAGE_STANDARD = "gnu++0x";
				CLANG_CXX_LIBRARY = "libc++";
				CLANG_ENABLE_MODULES = YES;
				CLANG_ENABLE_OBJC_ARC = YES;
				CLANG_WARN_BOOL_CONVERSION = YES;
				CLANG_WARN_CONSTANT_CONVERSION = YES;
				CLANG_WARN_DIRECT_OBJC_ISA_USAGE = YES_ERROR;
				CLANG_WARN_DOCUMENTATION_COMMENTS = YES;
				CLANG_WARN_EMPTY_BODY = YES;
				CLANG_WARN_ENUM_CONVERSION = YES;
				CLANG_WARN_INFINITE_RECURSION = YES;
				CLANG_WARN_INT_CONVERSION = YES;
				CLANG_WARN_OBJC_ROOT_CLASS = YES_ERROR;
				CLANG_WARN_SUSPICIOUS_MOVES = YES;
				CLANG_WARN_UNREACHABLE_CODE = YES;
				CLANG_WARN__DUPLICATE_METHOD_MATCH = YES;
				"CODE_SIGN_IDENTITY[sdk=iphoneos*]" = "iPhone Developer";
				COPY_PHASE_STRIP = NO;
				DEBUG_INFORMATION_FORMAT = dwarf;
				ENABLE_STRICT_OBJC_MSGSEND = YES;
				ENABLE_TESTABILITY = YES;
				GCC_C_LANGUAGE_STANDARD = gnu99;
				GCC_DYNAMIC_NO_PIC = NO;
				GCC_NO_COMMON_BLOCKS = YES;
				GCC_OPTIMIZATION_LEVEL = 0;
				GCC_PREPROCESSOR_DEFINITIONS = (
					"DEBUG=1",
					"$(inherited)",
				);
				GCC_WARN_64_TO_32_BIT_CONVERSION = YES;
				GCC_WARN_ABOUT_RETURN_TYPE = YES_ERROR;
				GCC_WARN_UNDECLARED_SELECTOR = YES;
				GCC_WARN_UNINITIALIZED_AUTOS = YES_AGGRESSIVE;
				GCC_WARN_UNUSED_FUNCTION = YES;
				GCC_WARN_UNUSED_VARIABLE = YES;
				IPHONEOS_DEPLOYMENT_TARGET = 10.0;
				MTL_ENABLE_DEBUG_INFO = YES;
				ONLY_ACTIVE_ARCH = YES;
				SDKROOT = iphoneos;
				SWIFT_ACTIVE_COMPILATION_CONDITIONS = DEBUG;
				SWIFT_OPTIMIZATION_LEVEL = "-Onone";
			};
			name = Debug;
		};
		D321EBC61DC9E49500E50A4F /* Release */ = {
			isa = XCBuildConfiguration;
			buildSettings = {
				ALWAYS_SEARCH_USER_PATHS = NO;
				CLANG_ANALYZER_NONNULL = YES;
				CLANG_CXX_LANGUAGE_STANDARD = "gnu++0x";
				CLANG_CXX_LIBRARY = "libc++";
				CLANG_ENABLE_MODULES = YES;
				CLANG_ENABLE_OBJC_ARC = YES;
				CLANG_WARN_BOOL_CONVERSION = YES;
				CLANG_WARN_CONSTANT_CONVERSION = YES;
				CLANG_WARN_DIRECT_OBJC_ISA_USAGE = YES_ERROR;
				CLANG_WARN_DOCUMENTATION_COMMENTS = YES;
				CLANG_WARN_EMPTY_BODY = YES;
				CLANG_WARN_ENUM_CONVERSION = YES;
				CLANG_WARN_INFINITE_RECURSION = YES;
				CLANG_WARN_INT_CONVERSION = YES;
				CLANG_WARN_OBJC_ROOT_CLASS = YES_ERROR;
				CLANG_WARN_SUSPICIOUS_MOVES = YES;
				CLANG_WARN_UNREACHABLE_CODE = YES;
				CLANG_WARN__DUPLICATE_METHOD_MATCH = YES;
				"CODE_SIGN_IDENTITY[sdk=iphoneos*]" = "iPhone Developer";
				COPY_PHASE_STRIP = NO;
				DEBUG_INFORMATION_FORMAT = "dwarf-with-dsym";
				ENABLE_NS_ASSERTIONS = NO;
				ENABLE_STRICT_OBJC_MSGSEND = YES;
				GCC_C_LANGUAGE_STANDARD = gnu99;
				GCC_NO_COMMON_BLOCKS = YES;
				GCC_WARN_64_TO_32_BIT_CONVERSION = YES;
				GCC_WARN_ABOUT_RETURN_TYPE = YES_ERROR;
				GCC_WARN_UNDECLARED_SELECTOR = YES;
				GCC_WARN_UNINITIALIZED_AUTOS = YES_AGGRESSIVE;
				GCC_WARN_UNUSED_FUNCTION = YES;
				GCC_WARN_UNUSED_VARIABLE = YES;
				IPHONEOS_DEPLOYMENT_TARGET = 10.0;
				MTL_ENABLE_DEBUG_INFO = NO;
				SDKROOT = iphoneos;
				SWIFT_OPTIMIZATION_LEVEL = "-Owholemodule";
				VALIDATE_PRODUCT = YES;
			};
			name = Release;
		};
		D321EBC81DC9E49500E50A4F /* Debug */ = {
			isa = XCBuildConfiguration;
			buildSettings = {
				ASSETCATALOG_COMPILER_APPICON_NAME = AppIcon;
				DEVELOPMENT_TEAM = 83H63AD9J8;
				INFOPLIST_FILE = Ping/Info.plist;
				IPHONEOS_DEPLOYMENT_TARGET = 10.2;
				LD_RUNPATH_SEARCH_PATHS = "$(inherited) @executable_path/Frameworks";
				PRODUCT_BUNDLE_IDENTIFIER = com.galkina.Ping;
				PRODUCT_NAME = "$(TARGET_NAME)";
				SWIFT_VERSION = 3.0;
				TARGETED_DEVICE_FAMILY = "1,2";
			};
			name = Debug;
		};
		D321EBC91DC9E49500E50A4F /* Release */ = {
			isa = XCBuildConfiguration;
			buildSettings = {
				ASSETCATALOG_COMPILER_APPICON_NAME = AppIcon;
				DEVELOPMENT_TEAM = 83H63AD9J8;
				INFOPLIST_FILE = Ping/Info.plist;
				IPHONEOS_DEPLOYMENT_TARGET = 10.2;
				LD_RUNPATH_SEARCH_PATHS = "$(inherited) @executable_path/Frameworks";
				PRODUCT_BUNDLE_IDENTIFIER = com.galkina.Ping;
				PRODUCT_NAME = "$(TARGET_NAME)";
				SWIFT_VERSION = 3.0;
				TARGETED_DEVICE_FAMILY = "1,2";
			};
			name = Release;
		};
/* End XCBuildConfiguration section */

/* Begin XCConfigurationList section */
		D321EBAA1DC9E49400E50A4F /* Build configuration list for PBXProject "Ping" */ = {
			isa = XCConfigurationList;
			buildConfigurations = (
				D321EBC51DC9E49500E50A4F /* Debug */,
				D321EBC61DC9E49500E50A4F /* Release */,
			);
			defaultConfigurationIsVisible = 0;
			defaultConfigurationName = Release;
		};
		D321EBC71DC9E49500E50A4F /* Build configuration list for PBXNativeTarget "Ping" */ = {
			isa = XCConfigurationList;
			buildConfigurations = (
				D321EBC81DC9E49500E50A4F /* Debug */,
				D321EBC91DC9E49500E50A4F /* Release */,
			);
			defaultConfigurationIsVisible = 0;
			defaultConfigurationName = Release;
		};
/* End XCConfigurationList section */
	};
	rootObject = D321EBA71DC9E49400E50A4F /* Project object */;
}
